
Microsoft Visual Studio Solution File, Format Version 12.00
# Visual Studio Version 17
VisualStudioVersion = 17.7.34221.43
MinimumVisualStudioVersion = 10.0.40219.1
Project("{9A19103F-16F7-4668-BE54-9A1E7A4F7556}") = "acm-rest-api", "acm-rest-api\acm-rest-api.csproj", "{604D19D0-3A29-4780-9BF1-9074C4ABCAB3}"
EndProject
Project("{9A19103F-16F7-4668-BE54-9A1E7A4F7556}") = "acm-mobile-app", "acm-mobile-app\acm-mobile-app.csproj", "{7B2C116E-75EF-4E75-9175-970725341E65}"
EndProject
Project("{FAE04EC0-301F-11D3-BF4B-00C04F79EFBC}") = "acm-models", "acm-models\acm-models.csproj", "{908635D6-2DBC-459E-9031-E372A377D36D}"
EndProject
Global
	GlobalSection(SolutionConfigurationPlatforms) = preSolution
		Debug|Any CPU = Debug|Any CPU
		Release|Any CPU = Release|Any CPU
	EndGlobalSection
	GlobalSection(ProjectConfigurationPlatforms) = postSolution
		{604D19D0-3A29-4780-9BF1-9074C4ABCAB3}.Debug|Any CPU.ActiveCfg = Debug|Any CPU
		{604D19D0-3A29-4780-9BF1-9074C4ABCAB3}.Debug|Any CPU.Build.0 = Debug|Any CPU
		{604D19D0-3A29-4780-9BF1-9074C4ABCAB3}.Release|Any CPU.ActiveCfg = Release|Any CPU
		{604D19D0-3A29-4780-9BF1-9074C4ABCAB3}.Release|Any CPU.Build.0 = Release|Any CPU
		{7B2C116E-75EF-4E75-9175-970725341E65}.Debug|Any CPU.ActiveCfg = Debug|Any CPU
		{7B2C116E-75EF-4E75-9175-970725341E65}.Debug|Any CPU.Build.0 = Debug|Any CPU
		{7B2C116E-75EF-4E75-9175-970725341E65}.Debug|Any CPU.Deploy.0 = Debug|Any CPU
		{7B2C116E-75EF-4E75-9175-970725341E65}.Release|Any CPU.ActiveCfg = Release|Any CPU
		{7B2C116E-75EF-4E75-9175-970725341E65}.Release|Any CPU.Build.0 = Release|Any CPU
		{7B2C116E-75EF-4E75-9175-970725341E65}.Release|Any CPU.Deploy.0 = Release|Any CPU
		{908635D6-2DBC-459E-9031-E372A377D36D}.Debug|Any CPU.ActiveCfg = Debug|Any CPU
		{908635D6-2DBC-459E-9031-E372A377D36D}.Debug|Any CPU.Build.0 = Debug|Any CPU
		{908635D6-2DBC-459E-9031-E372A377D36D}.Release|Any CPU.ActiveCfg = Release|Any CPU
		{908635D6-2DBC-459E-9031-E372A377D36D}.Release|Any CPU.Build.0 = Release|Any CPU
	EndGlobalSection
	GlobalSection(SolutionProperties) = preSolution
		HideSolutionNode = FALSE
	EndGlobalSection
	GlobalSection(ExtensibilityGlobals) = postSolution
		SolutionGuid = {DE79F411-1215-4326-8379-BE8AEADCDAF7}
	EndGlobalSection
EndGlobal
