
Microsoft Visual Studio Solution File, Format Version 12.00
# Visual Studio Version 17
VisualStudioVersion = 17.8.34330.188
MinimumVisualStudioVersion = 10.0.40219.1
Project("{FAE04EC0-301F-11D3-BF4B-00C04F79EFBC}") = "GenerateInsertStatements", "GenerateInsertStatements.csproj", "{D23AEE27-26EC-468E-B253-FE0210353059}"
EndProject
Global
	GlobalSection(SolutionConfigurationPlatforms) = preSolution
		Debug|Any CPU = Debug|Any CPU
		Release|Any CPU = Release|Any CPU
	EndGlobalSection
	GlobalSection(ProjectConfigurationPlatforms) = postSolution
		{D23AEE27-26EC-468E-B253-FE0210353059}.Debug|Any CPU.ActiveCfg = Debug|Any CPU
		{D23AEE27-26EC-468E-B253-FE0210353059}.Debug|Any CPU.Build.0 = Debug|Any CPU
		{D23AEE27-26EC-468E-B253-FE0210353059}.Release|Any CPU.ActiveCfg = Release|Any CPU
		{D23AEE27-26EC-468E-B253-FE0210353059}.Release|Any CPU.Build.0 = Release|Any CPU
	EndGlobalSection
	GlobalSection(SolutionProperties) = preSolution
		HideSolutionNode = FALSE
	EndGlobalSection
	GlobalSection(ExtensibilityGlobals) = postSolution
		SolutionGuid = {A076F55A-D21C-4CDA-983B-EB3F52548EF9}
	EndGlobalSection
EndGlobal
